
Microsoft Visual Studio Solution File, Format Version 11.00
# Visual Studio 2010
Project("{FAE04EC0-301F-11D3-BF4B-00C04F79EFBC}") = "SimpleNN", "SimpleNN.csproj", "{71AABEBA-6052-4768-B0C0-860FC1103060}"
	ProjectSection(ProjectDependencies) = postProject
		{A994F87D-E75D-405E-A642-7198E5871B61} = {A994F87D-E75D-405E-A642-7198E5871B61}
	EndProjectSection
EndProject
Project("{FAE04EC0-301F-11D3-BF4B-00C04F79EFBC}") = "SimpleNN.Core", "..\SimpleNN.Core\SimpleNN.Core.csproj", "{A994F87D-E75D-405E-A642-7198E5871B61}"
EndProject
Global
	GlobalSection(SolutionConfigurationPlatforms) = preSolution
		Debug|Any CPU = Debug|Any CPU
		Debug|Mixed Platforms = Debug|Mixed Platforms
		Debug|x86 = Debug|x86
		Release|Any CPU = Release|Any CPU
		Release|Mixed Platforms = Release|Mixed Platforms
		Release|x86 = Release|x86
	EndGlobalSection
	GlobalSection(ProjectConfigurationPlatforms) = postSolution
		{71AABEBA-6052-4768-B0C0-860FC1103060}.Debug|Any CPU.ActiveCfg = Debug|x86
		{71AABEBA-6052-4768-B0C0-860FC1103060}.Debug|Mixed Platforms.ActiveCfg = Debug|x86
		{71AABEBA-6052-4768-B0C0-860FC1103060}.Debug|Mixed Platforms.Build.0 = Debug|x86
		{71AABEBA-6052-4768-B0C0-860FC1103060}.Debug|x86.ActiveCfg = Debug|x86
		{71AABEBA-6052-4768-B0C0-860FC1103060}.Debug|x86.Build.0 = Debug|x86
		{71AABEBA-6052-4768-B0C0-860FC1103060}.Release|Any CPU.ActiveCfg = Release|x86
		{71AABEBA-6052-4768-B0C0-860FC1103060}.Release|Mixed Platforms.ActiveCfg = Release|x86
		{71AABEBA-6052-4768-B0C0-860FC1103060}.Release|Mixed Platforms.Build.0 = Release|x86
		{71AABEBA-6052-4768-B0C0-860FC1103060}.Release|x86.ActiveCfg = Release|x86
		{71AABEBA-6052-4768-B0C0-860FC1103060}.Release|x86.Build.0 = Release|x86
		{A994F87D-E75D-405E-A642-7198E5871B61}.Debug|Any CPU.ActiveCfg = Debug|Any CPU
		{A994F87D-E75D-405E-A642-7198E5871B61}.Debug|Any CPU.Build.0 = Debug|Any CPU
		{A994F87D-E75D-405E-A642-7198E5871B61}.Debug|Mixed Platforms.ActiveCfg = Debug|Any CPU
		{A994F87D-E75D-405E-A642-7198E5871B61}.Debug|Mixed Platforms.Build.0 = Debug|Any CPU
		{A994F87D-E75D-405E-A642-7198E5871B61}.Debug|x86.ActiveCfg = Debug|Any CPU
		{A994F87D-E75D-405E-A642-7198E5871B61}.Release|Any CPU.ActiveCfg = Release|Any CPU
		{A994F87D-E75D-405E-A642-7198E5871B61}.Release|Any CPU.Build.0 = Release|Any CPU
		{A994F87D-E75D-405E-A642-7198E5871B61}.Release|Mixed Platforms.ActiveCfg = Release|Any CPU
		{A994F87D-E75D-405E-A642-7198E5871B61}.Release|Mixed Platforms.Build.0 = Release|Any CPU
		{A994F87D-E75D-405E-A642-7198E5871B61}.Release|x86.ActiveCfg = Release|Any CPU
	EndGlobalSection
	GlobalSection(SolutionProperties) = preSolution
		HideSolutionNode = FALSE
	EndGlobalSection
EndGlobal
